
Microsoft Visual Studio Solution File, Format Version 12.00
# Visual Studio Version 17
VisualStudioVersion = 17.11.35312.102
MinimumVisualStudioVersion = 10.0.40219.1
Project("{2150E333-8FDC-42A3-9474-1A3956D46DE8}") = "Task0", "Task0", "{E8F00200-05D4-4C07-A453-E50ED68C58F5}"
EndProject
Project("{FAE04EC0-301F-11D3-BF4B-00C04F79EFBC}") = "Tyuiu.TodikovDE.Sprint3.Task0.V17", "Tyuiu.TodikovDE.Sprint3.Task0.V17\Tyuiu.TodikovDE.Sprint3.Task0.V17.csproj", "{9223A2C3-07B3-4B9B-97ED-B7634D2B4646}"
EndProject
Project("{FAE04EC0-301F-11D3-BF4B-00C04F79EFBC}") = "Tyuiu.TodikovDE.Sprint3.Task0.V17.Lib", "Tyuiu.TodikovDE.Sprint3.Task0.V17.Lib\Tyuiu.TodikovDE.Sprint3.Task0.V17.Lib.csproj", "{F53CD9B7-A920-41A4-ABCF-B6B9D648C2F6}"
EndProject
Project("{FAE04EC0-301F-11D3-BF4B-00C04F79EFBC}") = "Tyuiu.TodikovDE.Sprint3.Task0.V17.Test", "Tyuiu.TodikovDE.Sprint3.Task0.V17.Test\Tyuiu.TodikovDE.Sprint3.Task0.V17.Test.csproj", "{060A2E70-A62B-4F74-8557-D0ACC0969133}"
EndProject
Project("{2150E333-8FDC-42A3-9474-1A3956D46DE8}") = "Task1", "Task1", "{4F01CBEA-3950-4947-8CDA-4931E5A9B5E8}"
EndProject
Project("{FAE04EC0-301F-11D3-BF4B-00C04F79EFBC}") = "Tyuiu.TodikovDE.Sprint3.Task1.V16", "Tyuiu.TodikovDE.Sprint3.Task1.V16\Tyuiu.TodikovDE.Sprint3.Task1.V16.csproj", "{5EC3CE83-2C72-427C-AD0E-C49E4D21DBD2}"
EndProject
Project("{FAE04EC0-301F-11D3-BF4B-00C04F79EFBC}") = "Tyuiu.TodikovDE.Sprint3.Task1.V16.Lib", "Tyuiu.TodikovDE.Sprint3.Task1.V16.Lib\Tyuiu.TodikovDE.Sprint3.Task1.V16.Lib.csproj", "{0E554A13-2790-4F02-B2FA-EBDB8BE0914B}"
EndProject
Project("{FAE04EC0-301F-11D3-BF4B-00C04F79EFBC}") = "Tyuiu.TodikovDE.Sprint3.Task1.V16.Test", "Tyuiu.TodikovDE.Sprint3.Task1.V16.Test\Tyuiu.TodikovDE.Sprint3.Task1.V16.Test.csproj", "{A048489B-E8CE-40F0-8F14-C89996C42CE3}"
EndProject
Project("{2150E333-8FDC-42A3-9474-1A3956D46DE8}") = "Task2", "Task2", "{3415A52F-71B5-4470-A964-811ABB0ED589}"
EndProject
Project("{FAE04EC0-301F-11D3-BF4B-00C04F79EFBC}") = "Tyuiu.TodikovDE.Sprint3.Task2.V7", "Tyuiu.TodikovDE.Sprint3.Task2.V7\Tyuiu.TodikovDE.Sprint3.Task2.V7.csproj", "{60BD1C2C-F387-443B-8E37-CE3E604356FD}"
EndProject
Project("{FAE04EC0-301F-11D3-BF4B-00C04F79EFBC}") = "Tyuiu.TodikovDE.Sprint3.Task2.V7.Lib", "Tyuiu.TodikovDE.Sprint3.Task2.V7.Lib\Tyuiu.TodikovDE.Sprint3.Task2.V7.Lib.csproj", "{993BA38E-FDB7-44EA-8C58-4680FBC1D18E}"
EndProject
Project("{FAE04EC0-301F-11D3-BF4B-00C04F79EFBC}") = "Tyuiu.TodikovDE.Sprint3.Task2.V7.Test", "Tyuiu.TodikovDE.Sprint3.Task2.V7.Test\Tyuiu.TodikovDE.Sprint3.Task2.V7.Test.csproj", "{D1318968-03B7-43A7-A45B-4FBDB0458FDF}"
EndProject
Project("{FAE04EC0-301F-11D3-BF4B-00C04F79EFBC}") = "Tyuiu.TodikovDE.Sprint3.Task3.V5", "Tyuiu.TodikovDE.Sprint3.Task3.V5\Tyuiu.TodikovDE.Sprint3.Task3.V5.csproj", "{15F0B67F-C241-458A-9883-18A1BC5BA54C}"
EndProject
Project("{2150E333-8FDC-42A3-9474-1A3956D46DE8}") = "Task3", "Task3", "{B05550B5-5499-4344-BE11-746DD158F16A}"
EndProject
Project("{FAE04EC0-301F-11D3-BF4B-00C04F79EFBC}") = "Tyuiu.TodikovDE.Sprint3.Task3.V5.Lib", "Tyuiu.TodikovDE.Sprint3.Task3.V5.Lib\Tyuiu.TodikovDE.Sprint3.Task3.V5.Lib.csproj", "{26D29C10-D75A-4454-BE6E-3B31E5EC9E2A}"
EndProject
Project("{FAE04EC0-301F-11D3-BF4B-00C04F79EFBC}") = "Tyuiu.TodikovDE.Sprint3.Task3.V5.Test", "Tyuiu.TodikovDE.Sprint3.Task3.V5.Test\Tyuiu.TodikovDE.Sprint3.Task3.V5.Test.csproj", "{C205525B-62CC-409E-9E5F-DEC611C70621}"
EndProject
Project("{2150E333-8FDC-42A3-9474-1A3956D46DE8}") = "Task4", "Task4", "{F3A05116-79E9-4C73-BAEE-3A9C1D33B5A9}"
EndProject
Project("{FAE04EC0-301F-11D3-BF4B-00C04F79EFBC}") = "Tyuiu.TodikovDE.Sprint3.Task4.V1", "Tyuiu.TodikovDE.Sprint3.Task4.V1\Tyuiu.TodikovDE.Sprint3.Task4.V1.csproj", "{37B63B59-6DC6-49B2-9AF3-A3601100470B}"
EndProject
Project("{FAE04EC0-301F-11D3-BF4B-00C04F79EFBC}") = "Tyuiu.TodikovDE.Sprint3.Task4.V1.Lib", "Tyuiu.TodikovDE.Sprint3.Task4.V1.Lib\Tyuiu.TodikovDE.Sprint3.Task4.V1.Lib.csproj", "{8ED0C65A-E095-4584-99FD-6D682EF70CCD}"
EndProject
Project("{FAE04EC0-301F-11D3-BF4B-00C04F79EFBC}") = "Tyuiu.TodikovDE.Sprint3.Task4.V1.Test", "Tyuiu.TodikovDE.Sprint3.Task4.V1.Test\Tyuiu.TodikovDE.Sprint3.Task4.V1.Test.csproj", "{0B90BC4D-9A11-41EC-AEB7-62024FB1F030}"
EndProject
Project("{2150E333-8FDC-42A3-9474-1A3956D46DE8}") = "Task5", "Task5", "{3255A36E-9DDF-4334-BAE3-98B3E775E994}"
EndProject
Project("{FAE04EC0-301F-11D3-BF4B-00C04F79EFBC}") = "Tyuiu.TodikovDE.Sprint3.Task5.V27", "Tyuiu.TodikovDE.Sprint3.Task5.V27\Tyuiu.TodikovDE.Sprint3.Task5.V27.csproj", "{E5561B08-2DB2-4F3F-A529-35E1749DCD74}"
EndProject
Project("{FAE04EC0-301F-11D3-BF4B-00C04F79EFBC}") = "Tyuiu.TodikovDE.Sprint3.Task5.V27.Lib", "Tyuiu.TodikovDE.Sprint3.Task5.V27.Lib\Tyuiu.TodikovDE.Sprint3.Task5.V27.Lib.csproj", "{AD458722-F4B9-4C0D-8832-998A0902571A}"
EndProject
Project("{FAE04EC0-301F-11D3-BF4B-00C04F79EFBC}") = "Tyuiu.TodikovDE.Sprint3.Task5.V27.Test", "Tyuiu.TodikovDE.Sprint3.Task5.V27.Test\Tyuiu.TodikovDE.Sprint3.Task5.V27.Test.csproj", "{0F31D952-1E53-4533-8018-1B92ECA4D3D8}"
EndProject
Project("{2150E333-8FDC-42A3-9474-1A3956D46DE8}") = "Task6", "Task6", "{C0078246-3F21-4038-BD72-830A0EB263CF}"
EndProject
Project("{FAE04EC0-301F-11D3-BF4B-00C04F79EFBC}") = "Tyuiu.TodikovDE.Sprint3.Task6.V26", "Tyuiu.TodikovDE.Sprint3.Task6.V26\Tyuiu.TodikovDE.Sprint3.Task6.V26.csproj", "{6F3F0EA7-1595-46EC-8EE8-DC5484E89011}"
EndProject
Project("{FAE04EC0-301F-11D3-BF4B-00C04F79EFBC}") = "Tyuiu.TodikovDE.Sprint3.Task6.V26.Lib", "Tyuiu.TodikovDE.Sprint3.Task6.V26.Lib\Tyuiu.TodikovDE.Sprint3.Task6.V26.Lib.csproj", "{32E89260-0529-4AC7-A198-4D10E65A49B9}"
EndProject
Project("{FAE04EC0-301F-11D3-BF4B-00C04F79EFBC}") = "Tyuiu.TodikovDE.Sprint3.Task6.V26.Test", "Tyuiu.TodikovDE.Sprint3.Task6.V26.Test\Tyuiu.TodikovDE.Sprint3.Task6.V26.Test.csproj", "{DE1F8354-7CF2-4219-8322-DD7F92F92E07}"
EndProject
Global
	GlobalSection(SolutionConfigurationPlatforms) = preSolution
		Debug|Any CPU = Debug|Any CPU
		Release|Any CPU = Release|Any CPU
	EndGlobalSection
	GlobalSection(ProjectConfigurationPlatforms) = postSolution
		{9223A2C3-07B3-4B9B-97ED-B7634D2B4646}.Debug|Any CPU.ActiveCfg = Debug|Any CPU
		{9223A2C3-07B3-4B9B-97ED-B7634D2B4646}.Debug|Any CPU.Build.0 = Debug|Any CPU
		{9223A2C3-07B3-4B9B-97ED-B7634D2B4646}.Release|Any CPU.ActiveCfg = Release|Any CPU
		{9223A2C3-07B3-4B9B-97ED-B7634D2B4646}.Release|Any CPU.Build.0 = Release|Any CPU
		{F53CD9B7-A920-41A4-ABCF-B6B9D648C2F6}.Debug|Any CPU.ActiveCfg = Debug|Any CPU
		{F53CD9B7-A920-41A4-ABCF-B6B9D648C2F6}.Debug|Any CPU.Build.0 = Debug|Any CPU
		{F53CD9B7-A920-41A4-ABCF-B6B9D648C2F6}.Release|Any CPU.ActiveCfg = Release|Any CPU
		{F53CD9B7-A920-41A4-ABCF-B6B9D648C2F6}.Release|Any CPU.Build.0 = Release|Any CPU
		{060A2E70-A62B-4F74-8557-D0ACC0969133}.Debug|Any CPU.ActiveCfg = Debug|Any CPU
		{060A2E70-A62B-4F74-8557-D0ACC0969133}.Debug|Any CPU.Build.0 = Debug|Any CPU
		{060A2E70-A62B-4F74-8557-D0ACC0969133}.Release|Any CPU.ActiveCfg = Release|Any CPU
		{060A2E70-A62B-4F74-8557-D0ACC0969133}.Release|Any CPU.Build.0 = Release|Any CPU
		{5EC3CE83-2C72-427C-AD0E-C49E4D21DBD2}.Debug|Any CPU.ActiveCfg = Debug|Any CPU
		{5EC3CE83-2C72-427C-AD0E-C49E4D21DBD2}.Debug|Any CPU.Build.0 = Debug|Any CPU
		{5EC3CE83-2C72-427C-AD0E-C49E4D21DBD2}.Release|Any CPU.ActiveCfg = Release|Any CPU
		{5EC3CE83-2C72-427C-AD0E-C49E4D21DBD2}.Release|Any CPU.Build.0 = Release|Any CPU
		{0E554A13-2790-4F02-B2FA-EBDB8BE0914B}.Debug|Any CPU.ActiveCfg = Debug|Any CPU
		{0E554A13-2790-4F02-B2FA-EBDB8BE0914B}.Debug|Any CPU.Build.0 = Debug|Any CPU
		{0E554A13-2790-4F02-B2FA-EBDB8BE0914B}.Release|Any CPU.ActiveCfg = Release|Any CPU
		{0E554A13-2790-4F02-B2FA-EBDB8BE0914B}.Release|Any CPU.Build.0 = Release|Any CPU
		{A048489B-E8CE-40F0-8F14-C89996C42CE3}.Debug|Any CPU.ActiveCfg = Debug|Any CPU
		{A048489B-E8CE-40F0-8F14-C89996C42CE3}.Debug|Any CPU.Build.0 = Debug|Any CPU
		{A048489B-E8CE-40F0-8F14-C89996C42CE3}.Release|Any CPU.ActiveCfg = Release|Any CPU
		{A048489B-E8CE-40F0-8F14-C89996C42CE3}.Release|Any CPU.Build.0 = Release|Any CPU
		{60BD1C2C-F387-443B-8E37-CE3E604356FD}.Debug|Any CPU.ActiveCfg = Debug|Any CPU
		{60BD1C2C-F387-443B-8E37-CE3E604356FD}.Debug|Any CPU.Build.0 = Debug|Any CPU
		{60BD1C2C-F387-443B-8E37-CE3E604356FD}.Release|Any CPU.ActiveCfg = Release|Any CPU
		{60BD1C2C-F387-443B-8E37-CE3E604356FD}.Release|Any CPU.Build.0 = Release|Any CPU
		{993BA38E-FDB7-44EA-8C58-4680FBC1D18E}.Debug|Any CPU.ActiveCfg = Debug|Any CPU
		{993BA38E-FDB7-44EA-8C58-4680FBC1D18E}.Debug|Any CPU.Build.0 = Debug|Any CPU
		{993BA38E-FDB7-44EA-8C58-4680FBC1D18E}.Release|Any CPU.ActiveCfg = Release|Any CPU
		{993BA38E-FDB7-44EA-8C58-4680FBC1D18E}.Release|Any CPU.Build.0 = Release|Any CPU
		{D1318968-03B7-43A7-A45B-4FBDB0458FDF}.Debug|Any CPU.ActiveCfg = Debug|Any CPU
		{D1318968-03B7-43A7-A45B-4FBDB0458FDF}.Debug|Any CPU.Build.0 = Debug|Any CPU
		{D1318968-03B7-43A7-A45B-4FBDB0458FDF}.Release|Any CPU.ActiveCfg = Release|Any CPU
		{D1318968-03B7-43A7-A45B-4FBDB0458FDF}.Release|Any CPU.Build.0 = Release|Any CPU
		{15F0B67F-C241-458A-9883-18A1BC5BA54C}.Debug|Any CPU.ActiveCfg = Debug|Any CPU
		{15F0B67F-C241-458A-9883-18A1BC5BA54C}.Debug|Any CPU.Build.0 = Debug|Any CPU
		{15F0B67F-C241-458A-9883-18A1BC5BA54C}.Release|Any CPU.ActiveCfg = Release|Any CPU
		{15F0B67F-C241-458A-9883-18A1BC5BA54C}.Release|Any CPU.Build.0 = Release|Any CPU
		{26D29C10-D75A-4454-BE6E-3B31E5EC9E2A}.Debug|Any CPU.ActiveCfg = Debug|Any CPU
		{26D29C10-D75A-4454-BE6E-3B31E5EC9E2A}.Debug|Any CPU.Build.0 = Debug|Any CPU
		{26D29C10-D75A-4454-BE6E-3B31E5EC9E2A}.Release|Any CPU.ActiveCfg = Release|Any CPU
		{26D29C10-D75A-4454-BE6E-3B31E5EC9E2A}.Release|Any CPU.Build.0 = Release|Any CPU
		{C205525B-62CC-409E-9E5F-DEC611C70621}.Debug|Any CPU.ActiveCfg = Debug|Any CPU
		{C205525B-62CC-409E-9E5F-DEC611C70621}.Debug|Any CPU.Build.0 = Debug|Any CPU
		{C205525B-62CC-409E-9E5F-DEC611C70621}.Release|Any CPU.ActiveCfg = Release|Any CPU
		{C205525B-62CC-409E-9E5F-DEC611C70621}.Release|Any CPU.Build.0 = Release|Any CPU
		{37B63B59-6DC6-49B2-9AF3-A3601100470B}.Debug|Any CPU.ActiveCfg = Debug|Any CPU
		{37B63B59-6DC6-49B2-9AF3-A3601100470B}.Debug|Any CPU.Build.0 = Debug|Any CPU
		{37B63B59-6DC6-49B2-9AF3-A3601100470B}.Release|Any CPU.ActiveCfg = Release|Any CPU
		{37B63B59-6DC6-49B2-9AF3-A3601100470B}.Release|Any CPU.Build.0 = Release|Any CPU
		{8ED0C65A-E095-4584-99FD-6D682EF70CCD}.Debug|Any CPU.ActiveCfg = Debug|Any CPU
		{8ED0C65A-E095-4584-99FD-6D682EF70CCD}.Debug|Any CPU.Build.0 = Debug|Any CPU
		{8ED0C65A-E095-4584-99FD-6D682EF70CCD}.Release|Any CPU.ActiveCfg = Release|Any CPU
		{8ED0C65A-E095-4584-99FD-6D682EF70CCD}.Release|Any CPU.Build.0 = Release|Any CPU
		{0B90BC4D-9A11-41EC-AEB7-62024FB1F030}.Debug|Any CPU.ActiveCfg = Debug|Any CPU
		{0B90BC4D-9A11-41EC-AEB7-62024FB1F030}.Debug|Any CPU.Build.0 = Debug|Any CPU
		{0B90BC4D-9A11-41EC-AEB7-62024FB1F030}.Release|Any CPU.ActiveCfg = Release|Any CPU
		{0B90BC4D-9A11-41EC-AEB7-62024FB1F030}.Release|Any CPU.Build.0 = Release|Any CPU
		{E5561B08-2DB2-4F3F-A529-35E1749DCD74}.Debug|Any CPU.ActiveCfg = Debug|Any CPU
		{E5561B08-2DB2-4F3F-A529-35E1749DCD74}.Debug|Any CPU.Build.0 = Debug|Any CPU
		{E5561B08-2DB2-4F3F-A529-35E1749DCD74}.Release|Any CPU.ActiveCfg = Release|Any CPU
		{E5561B08-2DB2-4F3F-A529-35E1749DCD74}.Release|Any CPU.Build.0 = Release|Any CPU
		{AD458722-F4B9-4C0D-8832-998A0902571A}.Debug|Any CPU.ActiveCfg = Debug|Any CPU
		{AD458722-F4B9-4C0D-8832-998A0902571A}.Debug|Any CPU.Build.0 = Debug|Any CPU
		{AD458722-F4B9-4C0D-8832-998A0902571A}.Release|Any CPU.ActiveCfg = Release|Any CPU
		{AD458722-F4B9-4C0D-8832-998A0902571A}.Release|Any CPU.Build.0 = Release|Any CPU
		{0F31D952-1E53-4533-8018-1B92ECA4D3D8}.Debug|Any CPU.ActiveCfg = Debug|Any CPU
		{0F31D952-1E53-4533-8018-1B92ECA4D3D8}.Debug|Any CPU.Build.0 = Debug|Any CPU
		{0F31D952-1E53-4533-8018-1B92ECA4D3D8}.Release|Any CPU.ActiveCfg = Release|Any CPU
		{0F31D952-1E53-4533-8018-1B92ECA4D3D8}.Release|Any CPU.Build.0 = Release|Any CPU
		{6F3F0EA7-1595-46EC-8EE8-DC5484E89011}.Debug|Any CPU.ActiveCfg = Debug|Any CPU
		{6F3F0EA7-1595-46EC-8EE8-DC5484E89011}.Debug|Any CPU.Build.0 = Debug|Any CPU
		{6F3F0EA7-1595-46EC-8EE8-DC5484E89011}.Release|Any CPU.ActiveCfg = Release|Any CPU
		{6F3F0EA7-1595-46EC-8EE8-DC5484E89011}.Release|Any CPU.Build.0 = Release|Any CPU
		{32E89260-0529-4AC7-A198-4D10E65A49B9}.Debug|Any CPU.ActiveCfg = Debug|Any CPU
		{32E89260-0529-4AC7-A198-4D10E65A49B9}.Debug|Any CPU.Build.0 = Debug|Any CPU
		{32E89260-0529-4AC7-A198-4D10E65A49B9}.Release|Any CPU.ActiveCfg = Release|Any CPU
		{32E89260-0529-4AC7-A198-4D10E65A49B9}.Release|Any CPU.Build.0 = Release|Any CPU
		{DE1F8354-7CF2-4219-8322-DD7F92F92E07}.Debug|Any CPU.ActiveCfg = Debug|Any CPU
		{DE1F8354-7CF2-4219-8322-DD7F92F92E07}.Debug|Any CPU.Build.0 = Debug|Any CPU
		{DE1F8354-7CF2-4219-8322-DD7F92F92E07}.Release|Any CPU.ActiveCfg = Release|Any CPU
		{DE1F8354-7CF2-4219-8322-DD7F92F92E07}.Release|Any CPU.Build.0 = Release|Any CPU
	EndGlobalSection
	GlobalSection(SolutionProperties) = preSolution
		HideSolutionNode = FALSE
	EndGlobalSection
	GlobalSection(NestedProjects) = preSolution
		{9223A2C3-07B3-4B9B-97ED-B7634D2B4646} = {E8F00200-05D4-4C07-A453-E50ED68C58F5}
		{F53CD9B7-A920-41A4-ABCF-B6B9D648C2F6} = {E8F00200-05D4-4C07-A453-E50ED68C58F5}
		{060A2E70-A62B-4F74-8557-D0ACC0969133} = {E8F00200-05D4-4C07-A453-E50ED68C58F5}
		{5EC3CE83-2C72-427C-AD0E-C49E4D21DBD2} = {4F01CBEA-3950-4947-8CDA-4931E5A9B5E8}
		{0E554A13-2790-4F02-B2FA-EBDB8BE0914B} = {4F01CBEA-3950-4947-8CDA-4931E5A9B5E8}
		{A048489B-E8CE-40F0-8F14-C89996C42CE3} = {4F01CBEA-3950-4947-8CDA-4931E5A9B5E8}
		{60BD1C2C-F387-443B-8E37-CE3E604356FD} = {3415A52F-71B5-4470-A964-811ABB0ED589}
		{993BA38E-FDB7-44EA-8C58-4680FBC1D18E} = {3415A52F-71B5-4470-A964-811ABB0ED589}
		{D1318968-03B7-43A7-A45B-4FBDB0458FDF} = {3415A52F-71B5-4470-A964-811ABB0ED589}
		{15F0B67F-C241-458A-9883-18A1BC5BA54C} = {B05550B5-5499-4344-BE11-746DD158F16A}
		{26D29C10-D75A-4454-BE6E-3B31E5EC9E2A} = {B05550B5-5499-4344-BE11-746DD158F16A}
		{C205525B-62CC-409E-9E5F-DEC611C70621} = {B05550B5-5499-4344-BE11-746DD158F16A}
		{37B63B59-6DC6-49B2-9AF3-A3601100470B} = {F3A05116-79E9-4C73-BAEE-3A9C1D33B5A9}
		{8ED0C65A-E095-4584-99FD-6D682EF70CCD} = {F3A05116-79E9-4C73-BAEE-3A9C1D33B5A9}
		{0B90BC4D-9A11-41EC-AEB7-62024FB1F030} = {F3A05116-79E9-4C73-BAEE-3A9C1D33B5A9}
		{E5561B08-2DB2-4F3F-A529-35E1749DCD74} = {3255A36E-9DDF-4334-BAE3-98B3E775E994}
		{AD458722-F4B9-4C0D-8832-998A0902571A} = {3255A36E-9DDF-4334-BAE3-98B3E775E994}
		{0F31D952-1E53-4533-8018-1B92ECA4D3D8} = {3255A36E-9DDF-4334-BAE3-98B3E775E994}
		{6F3F0EA7-1595-46EC-8EE8-DC5484E89011} = {C0078246-3F21-4038-BD72-830A0EB263CF}
		{32E89260-0529-4AC7-A198-4D10E65A49B9} = {C0078246-3F21-4038-BD72-830A0EB263CF}
		{DE1F8354-7CF2-4219-8322-DD7F92F92E07} = {C0078246-3F21-4038-BD72-830A0EB263CF}
	EndGlobalSection
	GlobalSection(ExtensibilityGlobals) = postSolution
		SolutionGuid = {529AEA14-1C12-417E-8794-F6FF351D244A}
	EndGlobalSection
EndGlobal
